{
    "version": 3,
    "terraform_version": "0.11.11",
    "serial": 10,
    "lineage": "836e82ea-66b7-2146-81e6-a5261154a757",
    "modules": [
        {
            "path": [
                "root"
            ],
            "outputs": {},
            "resources": {
                "aws_elb.myelb": {
                    "type": "aws_elb",
                    "depends_on": [
                        "aws_instance.demo1",
                        "aws_security_group.elbsg",
                        "aws_subnet.mypubsub"
                    ],
                    "primary": {
                        "id": "myelb",
                        "attributes": {
                            "access_logs.#": "0",
                            "arn": "arn:aws:elasticloadbalancing:ap-south-1:759796011523:loadbalancer/myelb",
                            "availability_zones.#": "1",
                            "availability_zones.1163474009": "ap-south-1a",
                            "connection_draining": "true",
                            "connection_draining_timeout": "300",
                            "cross_zone_load_balancing": "true",
                            "dns_name": "myelb-308761341.ap-south-1.elb.amazonaws.com",
                            "health_check.#": "1",
                            "health_check.0.healthy_threshold": "2",
                            "health_check.0.interval": "30",
                            "health_check.0.target": "HTTP:80/index.html",
                            "health_check.0.timeout": "3",
                            "health_check.0.unhealthy_threshold": "2",
                            "id": "myelb",
                            "idle_timeout": "60",
                            "instances.#": "1",
                            "instances.858590112": "i-0d8de0878eaa3efcf",
                            "internal": "false",
                            "listener.#": "1",
                            "listener.3057123346.instance_port": "80",
                            "listener.3057123346.instance_protocol": "http",
                            "listener.3057123346.lb_port": "80",
                            "listener.3057123346.lb_protocol": "http",
                            "listener.3057123346.ssl_certificate_id": "",
                            "name": "myelb",
                            "security_groups.#": "1",
                            "security_groups.2290793593": "sg-08afc484b521cc415",
                            "source_security_group": "759796011523/elbsg",
                            "source_security_group_id": "sg-08afc484b521cc415",
                            "subnets.#": "1",
                            "subnets.4280710411": "subnet-01f933ca447e147b0",
                            "tags.%": "0",
                            "zone_id": "ZP97RAFLXTNZK"
                        },
                        "meta": {},
                        "tainted": false
                    },
                    "deposed": [],
                    "provider": "provider.aws"
                },
                "aws_instance.demo1": {
                    "type": "aws_instance",
                    "depends_on": [
                        "aws_key_pair.mykey",
                        "aws_security_group.elbsg",
                        "aws_subnet.mypubsub"
                    ],
                    "primary": {
                        "id": "i-0d8de0878eaa3efcf",
                        "attributes": {
                            "ami": "ami-5b673c34",
                            "arn": "arn:aws:ec2:ap-south-1:759796011523:instance/i-0d8de0878eaa3efcf",
                            "associate_public_ip_address": "true",
                            "availability_zone": "ap-south-1a",
                            "cpu_core_count": "1",
                            "cpu_threads_per_core": "1",
                            "credit_specification.#": "1",
                            "credit_specification.0.cpu_credits": "standard",
                            "disable_api_termination": "false",
                            "ebs_block_device.#": "0",
                            "ebs_optimized": "false",
                            "ephemeral_block_device.#": "0",
                            "get_password_data": "false",
                            "iam_instance_profile": "",
                            "id": "i-0d8de0878eaa3efcf",
                            "instance_state": "running",
                            "instance_type": "t2.micro",
                            "ipv6_addresses.#": "0",
                            "key_name": "mykey",
                            "monitoring": "false",
                            "network_interface.#": "0",
                            "network_interface_id": "eni-00a0246fc71e37049",
                            "password_data": "",
                            "placement_group": "",
                            "primary_network_interface_id": "eni-00a0246fc71e37049",
                            "private_dns": "ip-10-10-1-139.ap-south-1.compute.internal",
                            "private_ip": "10.10.1.139",
                            "public_dns": "",
                            "public_ip": "35.154.103.124",
                            "root_block_device.#": "1",
                            "root_block_device.0.delete_on_termination": "true",
                            "root_block_device.0.iops": "100",
                            "root_block_device.0.volume_id": "vol-069be3e65f06999ef",
                            "root_block_device.0.volume_size": "10",
                            "root_block_device.0.volume_type": "gp2",
                            "security_groups.#": "0",
                            "source_dest_check": "true",
                            "subnet_id": "subnet-01f933ca447e147b0",
                            "tags.%": "1",
                            "tags.Name": "demo1",
                            "tenancy": "default",
                            "volume_tags.%": "0",
                            "vpc_security_group_ids.#": "1",
                            "vpc_security_group_ids.2290793593": "sg-08afc484b521cc415"
                        },
                        "meta": {
                            "e2bfb730-ecaa-11e6-8f88-34363bc7c4c0": {
                                "create": 600000000000,
                                "delete": 1200000000000,
                                "update": 600000000000
                            },
                            "schema_version": "1"
                        },
                        "tainted": false
                    },
                    "deposed": [],
                    "provider": "provider.aws"
                },
                "aws_instance.demo2": {
                    "type": "aws_instance",
                    "depends_on": [
                        "aws_key_pair.mykey",
                        "aws_security_group.elbsg",
                        "aws_subnet.mypubsub"
                    ],
                    "primary": {
                        "id": "i-06b099fc1ff2cf6fc",
                        "attributes": {
                            "ami": "ami-5b673c34",
                            "arn": "arn:aws:ec2:ap-south-1:759796011523:instance/i-06b099fc1ff2cf6fc",
                            "associate_public_ip_address": "true",
                            "availability_zone": "ap-south-1a",
                            "cpu_core_count": "1",
                            "cpu_threads_per_core": "1",
                            "credit_specification.#": "1",
                            "credit_specification.0.cpu_credits": "standard",
                            "disable_api_termination": "false",
                            "ebs_block_device.#": "0",
                            "ebs_optimized": "false",
                            "ephemeral_block_device.#": "0",
                            "get_password_data": "false",
                            "iam_instance_profile": "",
                            "id": "i-06b099fc1ff2cf6fc",
                            "instance_state": "running",
                            "instance_type": "t2.micro",
                            "ipv6_addresses.#": "0",
                            "key_name": "mykey",
                            "monitoring": "false",
                            "network_interface.#": "0",
                            "network_interface_id": "eni-05107013c9efda28a",
                            "password_data": "",
                            "placement_group": "",
                            "primary_network_interface_id": "eni-05107013c9efda28a",
                            "private_dns": "ip-10-10-1-191.ap-south-1.compute.internal",
                            "private_ip": "10.10.1.191",
                            "public_dns": "",
                            "public_ip": "13.126.206.26",
                            "root_block_device.#": "1",
                            "root_block_device.0.delete_on_termination": "true",
                            "root_block_device.0.iops": "100",
                            "root_block_device.0.volume_id": "vol-04c2860a8c43e5875",
                            "root_block_device.0.volume_size": "10",
                            "root_block_device.0.volume_type": "gp2",
                            "security_groups.#": "0",
                            "source_dest_check": "true",
                            "subnet_id": "subnet-01f933ca447e147b0",
                            "tags.%": "1",
                            "tags.Name": "demo2",
                            "tenancy": "default",
                            "volume_tags.%": "0",
                            "vpc_security_group_ids.#": "1",
                            "vpc_security_group_ids.2290793593": "sg-08afc484b521cc415"
                        },
                        "meta": {
                            "e2bfb730-ecaa-11e6-8f88-34363bc7c4c0": {
                                "create": 600000000000,
                                "delete": 1200000000000,
                                "update": 600000000000
                            },
                            "schema_version": "1"
                        },
                        "tainted": false
                    },
                    "deposed": [],
                    "provider": "provider.aws"
                },
                "aws_internet_gateway.mygw": {
                    "type": "aws_internet_gateway",
                    "depends_on": [
                        "aws_vpc.myvpc"
                    ],
                    "primary": {
                        "id": "igw-0df367569c1e764a6",
                        "attributes": {
                            "id": "igw-0df367569c1e764a6",
                            "owner_id": "759796011523",
                            "tags.%": "1",
                            "tags.Name": "mygw",
                            "vpc_id": "vpc-0a67a6366a8773315"
                        },
                        "meta": {},
                        "tainted": false
                    },
                    "deposed": [],
                    "provider": "provider.aws"
                },
                "aws_key_pair.mykey": {
                    "type": "aws_key_pair",
                    "depends_on": [],
                    "primary": {
                        "id": "mykey",
                        "attributes": {
                            "fingerprint": "1f:fe:7e:39:e6:67:50:47:c1:c5:c9:fa:29:ad:02:25",
                            "id": "mykey",
                            "key_name": "mykey",
                            "public_key": "ssh-rsa AAAAB3NzaC1yc2EAAAADAQABAAABAQDiLDlc/6r0s2r7E/j5ZptJNB4o0GewfZYTFGLYt5v12jmyj7Dhho9SPHu+ocDvO3b6eBja+kHyRf74nno9XE1gnUxpHOXaipykLcz8Ar1bqnJiRZEP+sBzmC3cGHw2Di9gKIb5p7L95Ly4RBSK9d6YsOKGgUkdWgU5s8zLf/spx1ljiHuFwMzSA52R58xEZctM07H/kDgl4zLr9vUL1RXL005MjIBs+WfQcuPpA6L7q/hOW53mfxlFtKYKQXftqMTYQwABOSiOY7fYIxiAJsxxQUVcQ+tUO4dycDBmdNEA3dzjalqMsYR9clXB21cQPIHeGi7q5kp/s+rUAP5sBquH root@ip-172-31-20-241"
                        },
                        "meta": {
                            "schema_version": "1"
                        },
                        "tainted": false
                    },
                    "deposed": [],
                    "provider": "provider.aws"
                },
                "aws_route_table.myprirt": {
                    "type": "aws_route_table",
                    "depends_on": [
                        "aws_vpc.myvpc"
                    ],
                    "primary": {
                        "id": "rtb-03e498501fc1aa583",
                        "attributes": {
                            "id": "rtb-03e498501fc1aa583",
                            "owner_id": "759796011523",
                            "propagating_vgws.#": "0",
                            "route.#": "0",
                            "tags.%": "1",
                            "tags.Name": "myprirt",
                            "vpc_id": "vpc-0a67a6366a8773315"
                        },
                        "meta": {},
                        "tainted": false
                    },
                    "deposed": [],
                    "provider": "provider.aws"
                },
                "aws_route_table.mypubrt": {
                    "type": "aws_route_table",
                    "depends_on": [
                        "aws_internet_gateway.mygw",
                        "aws_vpc.myvpc"
                    ],
                    "primary": {
                        "id": "rtb-0019598b670d24799",
                        "attributes": {
                            "id": "rtb-0019598b670d24799",
                            "owner_id": "759796011523",
                            "propagating_vgws.#": "0",
                            "route.#": "1",
                            "route.645610407.cidr_block": "0.0.0.0/0",
                            "route.645610407.egress_only_gateway_id": "",
                            "route.645610407.gateway_id": "igw-0df367569c1e764a6",
                            "route.645610407.instance_id": "",
                            "route.645610407.ipv6_cidr_block": "",
                            "route.645610407.nat_gateway_id": "",
                            "route.645610407.network_interface_id": "",
                            "route.645610407.transit_gateway_id": "",
                            "route.645610407.vpc_peering_connection_id": "",
                            "tags.%": "1",
                            "tags.Name": "mypubrt",
                            "vpc_id": "vpc-0a67a6366a8773315"
                        },
                        "meta": {},
                        "tainted": false
                    },
                    "deposed": [],
                    "provider": "provider.aws"
                },
                "aws_route_table_association.myprirtasso": {
                    "type": "aws_route_table_association",
                    "depends_on": [
                        "aws_route_table.myprirt",
                        "aws_subnet.myprisub"
                    ],
                    "primary": {
                        "id": "rtbassoc-050bdd758230c2a75",
                        "attributes": {
                            "id": "rtbassoc-050bdd758230c2a75",
                            "route_table_id": "rtb-03e498501fc1aa583",
                            "subnet_id": "subnet-04afec0279ea4f80b"
                        },
                        "meta": {},
                        "tainted": false
                    },
                    "deposed": [],
                    "provider": "provider.aws"
                },
                "aws_route_table_association.mypubrtasso": {
                    "type": "aws_route_table_association",
                    "depends_on": [
                        "aws_route_table.mypubrt",
                        "aws_subnet.mypubsub"
                    ],
                    "primary": {
                        "id": "rtbassoc-01b3a0ad44c938ea3",
                        "attributes": {
                            "id": "rtbassoc-01b3a0ad44c938ea3",
                            "route_table_id": "rtb-0019598b670d24799",
                            "subnet_id": "subnet-01f933ca447e147b0"
                        },
                        "meta": {},
                        "tainted": false
                    },
                    "deposed": [],
                    "provider": "provider.aws"
                },
                "aws_security_group.elbsg": {
                    "type": "aws_security_group",
                    "depends_on": [
                        "aws_vpc.myvpc"
                    ],
                    "primary": {
                        "id": "sg-08afc484b521cc415",
                        "attributes": {
                            "arn": "arn:aws:ec2:ap-south-1:759796011523:security-group/sg-08afc484b521cc415",
                            "description": "Managed by Terraform",
                            "egress.#": "0",
                            "id": "sg-08afc484b521cc415",
                            "ingress.#": "1",
                            "ingress.2214680975.cidr_blocks.#": "1",
                            "ingress.2214680975.cidr_blocks.0": "0.0.0.0/0",
                            "ingress.2214680975.description": "",
                            "ingress.2214680975.from_port": "80",
                            "ingress.2214680975.ipv6_cidr_blocks.#": "0",
                            "ingress.2214680975.prefix_list_ids.#": "0",
                            "ingress.2214680975.protocol": "tcp",
                            "ingress.2214680975.security_groups.#": "0",
                            "ingress.2214680975.self": "false",
                            "ingress.2214680975.to_port": "80",
                            "name": "elbsg",
                            "owner_id": "759796011523",
                            "revoke_rules_on_delete": "false",
                            "tags.%": "0",
                            "vpc_id": "vpc-0a67a6366a8773315"
                        },
                        "meta": {
                            "e2bfb730-ecaa-11e6-8f88-34363bc7c4c0": {
                                "create": 600000000000,
                                "delete": 600000000000
                            },
                            "schema_version": "1"
                        },
                        "tainted": false
                    },
                    "deposed": [],
                    "provider": "provider.aws"
                },
                "aws_security_group.elbsg2": {
                    "type": "aws_security_group",
                    "depends_on": [
                        "aws_vpc.myvpc"
                    ],
                    "primary": {
                        "id": "sg-07e2fa96c2819a671",
                        "attributes": {
                            "arn": "arn:aws:ec2:ap-south-1:759796011523:security-group/sg-07e2fa96c2819a671",
                            "description": "Managed by Terraform",
                            "egress.#": "0",
                            "id": "sg-07e2fa96c2819a671",
                            "ingress.#": "1",
                            "ingress.2214680975.cidr_blocks.#": "1",
                            "ingress.2214680975.cidr_blocks.0": "0.0.0.0/0",
                            "ingress.2214680975.description": "",
                            "ingress.2214680975.from_port": "80",
                            "ingress.2214680975.ipv6_cidr_blocks.#": "0",
                            "ingress.2214680975.prefix_list_ids.#": "0",
                            "ingress.2214680975.protocol": "tcp",
                            "ingress.2214680975.security_groups.#": "0",
                            "ingress.2214680975.self": "false",
                            "ingress.2214680975.to_port": "80",
                            "name": "elbsg2",
                            "owner_id": "759796011523",
                            "revoke_rules_on_delete": "false",
                            "tags.%": "0",
                            "vpc_id": "vpc-0a67a6366a8773315"
                        },
                        "meta": {
                            "e2bfb730-ecaa-11e6-8f88-34363bc7c4c0": {
                                "create": 600000000000,
                                "delete": 600000000000
                            },
                            "schema_version": "1"
                        },
                        "tainted": false
                    },
                    "deposed": [],
                    "provider": "provider.aws"
                },
                "aws_subnet.myprisub": {
                    "type": "aws_subnet",
                    "depends_on": [
                        "aws_vpc.myvpc"
                    ],
                    "primary": {
                        "id": "subnet-04afec0279ea4f80b",
                        "attributes": {
                            "arn": "arn:aws:ec2:ap-south-1:759796011523:subnet/subnet-04afec0279ea4f80b",
                            "assign_ipv6_address_on_creation": "false",
                            "availability_zone": "ap-south-1b",
                            "availability_zone_id": "aps1-az3",
                            "cidr_block": "10.10.2.0/24",
                            "id": "subnet-04afec0279ea4f80b",
                            "ipv6_cidr_block": "",
                            "ipv6_cidr_block_association_id": "",
                            "map_public_ip_on_launch": "true",
                            "owner_id": "759796011523",
                            "tags.%": "1",
                            "tags.Name": "myprisub",
                            "vpc_id": "vpc-0a67a6366a8773315"
                        },
                        "meta": {
                            "e2bfb730-ecaa-11e6-8f88-34363bc7c4c0": {
                                "create": 600000000000,
                                "delete": 600000000000
                            },
                            "schema_version": "1"
                        },
                        "tainted": false
                    },
                    "deposed": [],
                    "provider": "provider.aws"
                },
                "aws_subnet.mypubsub": {
                    "type": "aws_subnet",
                    "depends_on": [
                        "aws_vpc.myvpc"
                    ],
                    "primary": {
                        "id": "subnet-01f933ca447e147b0",
                        "attributes": {
                            "arn": "arn:aws:ec2:ap-south-1:759796011523:subnet/subnet-01f933ca447e147b0",
                            "assign_ipv6_address_on_creation": "false",
                            "availability_zone": "ap-south-1a",
                            "availability_zone_id": "aps1-az1",
                            "cidr_block": "10.10.1.0/24",
                            "id": "subnet-01f933ca447e147b0",
                            "ipv6_cidr_block": "",
                            "ipv6_cidr_block_association_id": "",
                            "map_public_ip_on_launch": "true",
                            "owner_id": "759796011523",
                            "tags.%": "1",
                            "tags.Name": "mypubsub",
                            "vpc_id": "vpc-0a67a6366a8773315"
                        },
                        "meta": {
                            "e2bfb730-ecaa-11e6-8f88-34363bc7c4c0": {
                                "create": 600000000000,
                                "delete": 600000000000
                            },
                            "schema_version": "1"
                        },
                        "tainted": false
                    },
                    "deposed": [],
                    "provider": "provider.aws"
                },
                "aws_vpc.myvpc": {
                    "type": "aws_vpc",
                    "depends_on": [],
                    "primary": {
                        "id": "vpc-0a67a6366a8773315",
                        "attributes": {
                            "arn": "arn:aws:ec2:ap-south-1:759796011523:vpc/vpc-0a67a6366a8773315",
                            "assign_generated_ipv6_cidr_block": "false",
                            "cidr_block": "10.10.0.0/16",
                            "default_network_acl_id": "acl-01850bcb2d462f987",
                            "default_route_table_id": "rtb-04718f810c5de4c67",
                            "default_security_group_id": "sg-0e832ab4a13db116f",
                            "dhcp_options_id": "dopt-7b676b13",
                            "enable_dns_hostnames": "false",
                            "enable_dns_support": "true",
                            "id": "vpc-0a67a6366a8773315",
                            "instance_tenancy": "default",
                            "ipv6_association_id": "",
                            "ipv6_cidr_block": "",
                            "main_route_table_id": "rtb-04718f810c5de4c67",
                            "owner_id": "759796011523",
                            "tags.%": "1",
                            "tags.Name": "myvpc"
                        },
                        "meta": {
                            "schema_version": "1"
                        },
                        "tainted": false
                    },
                    "deposed": [],
                    "provider": "provider.aws"
                }
            },
            "depends_on": []
        }
    ]
}
